// !$*UTF8*$!
{
	archiveVersion = 1;
	classes = {
	};
	objectVersion = 56;
	objects = {

/* Begin PBXBuildFile section */
		F4F00BD02C3ABDF600DDA1CF /* BasicFunctions.docc in Sources */ = {isa = PBXBuildFile; fileRef = F4F00BCF2C3ABDF600DDA1CF /* BasicFunctions.docc */; };
		F4F00BD62C3ABDF800DDA1CF /* BasicFunctions.framework in Frameworks */ = {isa = PBXBuildFile; fileRef = F4F00BCB2C3ABDF600DDA1CF /* BasicFunctions.framework */; };
		F4F00BDB2C3ABDF900DDA1CF /* BasicFunctionsTests.swift in Sources */ = {isa = PBXBuildFile; fileRef = F4F00BDA2C3ABDF900DDA1CF /* BasicFunctionsTests.swift */; };
		F4F00BDC2C3ABDF900DDA1CF /* BasicFunctions.h in Headers */ = {isa = PBXBuildFile; fileRef = F4F00BCE2C3ABDF600DDA1CF /* BasicFunctions.h */; settings = {ATTRIBUTES = (Public, ); }; };
		F4F00C302C3AC7FB00DDA1CF /* UIExtensions.swift in Sources */ = {isa = PBXBuildFile; fileRef = F4F00C2F2C3AC7FB00DDA1CF /* UIExtensions.swift */; };
/* End PBXBuildFile section */

/* Begin PBXContainerItemProxy section */
		F4F00BD72C3ABDF800DDA1CF /* PBXContainerItemProxy */ = {
			isa = PBXContainerItemProxy;
			containerPortal = F4F00BC22C3ABDF600DDA1CF /* Project object */;
			proxyType = 1;
			remoteGlobalIDString = F4F00BCA2C3ABDF600DDA1CF;
			remoteInfo = BasicFunctions;
		};
/* End PBXContainerItemProxy section */

/* Begin PBXFileReference section */
		F4F00BCB2C3ABDF600DDA1CF /* BasicFunctions.framework */ = {isa = PBXFileReference; explicitFileType = wrapper.framework; includeInIndex = 0; path = BasicFunctions.framework; sourceTree = BUILT_PRODUCTS_DIR; };
		F4F00BCE2C3ABDF600DDA1CF /* BasicFunctions.h */ = {isa = PBXFileReference; lastKnownFileType = sourcecode.c.h; path = BasicFunctions.h; sourceTree = "<group>"; };
		F4F00BCF2C3ABDF600DDA1CF /* BasicFunctions.docc */ = {isa = PBXFileReference; lastKnownFileType = folder.documentationcatalog; path = BasicFunctions.docc; sourceTree = "<group>"; };
		F4F00BD52C3ABDF800DDA1CF /* BasicFunctionsTests.xctest */ = {isa = PBXFileReference; explicitFileType = wrapper.cfbundle; includeInIndex = 0; path = BasicFunctionsTests.xctest; sourceTree = BUILT_PRODUCTS_DIR; };
		F4F00BDA2C3ABDF900DDA1CF /* BasicFunctionsTests.swift */ = {isa = PBXFileReference; lastKnownFileType = sourcecode.swift; path = BasicFunctionsTests.swift; sourceTree = "<group>"; };
		F4F00C2F2C3AC7FB00DDA1CF /* UIExtensions.swift */ = {isa = PBXFileReference; lastKnownFileType = sourcecode.swift; path = UIExtensions.swift; sourceTree = "<group>"; };
/* End PBXFileReference section */

/* Begin PBXFrameworksBuildPhase section */
		F4F00BC82C3ABDF600DDA1CF /* Frameworks */ = {
			isa = PBXFrameworksBuildPhase;
			buildActionMask = 2147483647;
			files = (
			);
			runOnlyForDeploymentPostprocessing = 0;
		};
		F4F00BD22C3ABDF800DDA1CF /* Frameworks */ = {
			isa = PBXFrameworksBuildPhase;
			buildActionMask = 2147483647;
			files = (
				F4F00BD62C3ABDF800DDA1CF /* BasicFunctions.framework in Frameworks */,
			);
			runOnlyForDeploymentPostprocessing = 0;
		};
/* End PBXFrameworksBuildPhase section */

/* Begin PBXGroup section */
		F4F00BC12C3ABDF600DDA1CF = {
			isa = PBXGroup;
			children = (
				F4F00BCD2C3ABDF600DDA1CF /* BasicFunctions */,
				F4F00BD92C3ABDF900DDA1CF /* BasicFunctionsTests */,
				F4F00BCC2C3ABDF600DDA1CF /* Products */,
			);
			sourceTree = "<group>";
		};
		F4F00BCC2C3ABDF600DDA1CF /* Products */ = {
			isa = PBXGroup;
			children = (
				F4F00BCB2C3ABDF600DDA1CF /* BasicFunctions.framework */,
				F4F00BD52C3ABDF800DDA1CF /* BasicFunctionsTests.xctest */,
			);
			name = Products;
			sourceTree = "<group>";
		};
		F4F00BCD2C3ABDF600DDA1CF /* BasicFunctions */ = {
			isa = PBXGroup;
			children = (
				F4F00BCE2C3ABDF600DDA1CF /* BasicFunctions.h */,
				F4F00BCF2C3ABDF600DDA1CF /* BasicFunctions.docc */,
				F4F00C2F2C3AC7FB00DDA1CF /* UIExtensions.swift */,
			);
			path = BasicFunctions;
			sourceTree = "<group>";
		};
		F4F00BD92C3ABDF900DDA1CF /* BasicFunctionsTests */ = {
			isa = PBXGroup;
			children = (
				F4F00BDA2C3ABDF900DDA1CF /* BasicFunctionsTests.swift */,
			);
			path = BasicFunctionsTests;
			sourceTree = "<group>";
		};
/* End PBXGroup section */

/* Begin PBXHeadersBuildPhase section */
		F4F00BC62C3ABDF600DDA1CF /* Headers */ = {
			isa = PBXHeadersBuildPhase;
			buildActionMask = 2147483647;
			files = (
				F4F00BDC2C3ABDF900DDA1CF /* BasicFunctions.h in Headers */,
			);
			runOnlyForDeploymentPostprocessing = 0;
		};
/* End PBXHeadersBuildPhase section */

/* Begin PBXNativeTarget section */
		F4F00BCA2C3ABDF600DDA1CF /* BasicFunctions */ = {
			isa = PBXNativeTarget;
			buildConfigurationList = F4F00BDF2C3ABDF900DDA1CF /* Build configuration list for PBXNativeTarget "BasicFunctions" */;
			buildPhases = (
				F4F00BC62C3ABDF600DDA1CF /* Headers */,
				F4F00BC72C3ABDF600DDA1CF /* Sources */,
				F4F00BC82C3ABDF600DDA1CF /* Frameworks */,
				F4F00BC92C3ABDF600DDA1CF /* Resources */,
			);
			buildRules = (
			);
			dependencies = (
			);
			name = BasicFunctions;
			productName = BasicFunctions;
			productReference = F4F00BCB2C3ABDF600DDA1CF /* BasicFunctions.framework */;
			productType = "com.apple.product-type.framework";
		};
		F4F00BD42C3ABDF800DDA1CF /* BasicFunctionsTests */ = {
			isa = PBXNativeTarget;
			buildConfigurationList = F4F00BE22C3ABDF900DDA1CF /* Build configuration list for PBXNativeTarget "BasicFunctionsTests" */;
			buildPhases = (
				F4F00BD12C3ABDF800DDA1CF /* Sources */,
				F4F00BD22C3ABDF800DDA1CF /* Frameworks */,
				F4F00BD32C3ABDF800DDA1CF /* Resources */,
			);
			buildRules = (
			);
			dependencies = (
				F4F00BD82C3ABDF800DDA1CF /* PBXTargetDependency */,
			);
			name = BasicFunctionsTests;
			productName = BasicFunctionsTests;
			productReference = F4F00BD52C3ABDF800DDA1CF /* BasicFunctionsTests.xctest */;
			productType = "com.apple.product-type.bundle.unit-test";
		};
/* End PBXNativeTarget section */

/* Begin PBXProject section */
		F4F00BC22C3ABDF600DDA1CF /* Project object */ = {
			isa = PBXProject;
			attributes = {
				BuildIndependentTargetsInParallel = 1;
				LastSwiftUpdateCheck = 1540;
				LastUpgradeCheck = 1540;
				TargetAttributes = {
					F4F00BCA2C3ABDF600DDA1CF = {
						CreatedOnToolsVersion = 15.4;
					};
					F4F00BD42C3ABDF800DDA1CF = {
						CreatedOnToolsVersion = 15.4;
					};
				};
			};
			buildConfigurationList = F4F00BC52C3ABDF600DDA1CF /* Build configuration list for PBXProject "BasicFunctions" */;
			compatibilityVersion = "Xcode 14.0";
			developmentRegion = en;
			hasScannedForEncodings = 0;
			knownRegions = (
				en,
				Base,
			);
			mainGroup = F4F00BC12C3ABDF600DDA1CF;
			productRefGroup = F4F00BCC2C3ABDF600DDA1CF /* Products */;
			projectDirPath = "";
			projectRoot = "";
			targets = (
				F4F00BCA2C3ABDF600DDA1CF /* BasicFunctions */,
				F4F00BD42C3ABDF800DDA1CF /* BasicFunctionsTests */,
			);
		};
/* End PBXProject section */

/* Begin PBXResourcesBuildPhase section */
		F4F00BC92C3ABDF600DDA1CF /* Resources */ = {
			isa = PBXResourcesBuildPhase;
			buildActionMask = 2147483647;
			files = (
			);
			runOnlyForDeploymentPostprocessing = 0;
		};
		F4F00BD32C3ABDF800DDA1CF /* Resources */ = {
			isa = PBXResourcesBuildPhase;
			buildActionMask = 2147483647;
			files = (
			);
			runOnlyForDeploymentPostprocessing = 0;
		};
/* End PBXResourcesBuildPhase section */

/* Begin PBXSourcesBuildPhase section */
		F4F00BC72C3ABDF600DDA1CF /* Sources */ = {
			isa = PBXSourcesBuildPhase;
			buildActionMask = 2147483647;
			files = (
				F4F00BD02C3ABDF600DDA1CF /* BasicFunctions.docc in Sources */,
				F4F00C302C3AC7FB00DDA1CF /* UIExtensions.swift in Sources */,
			);
			runOnlyForDeploymentPostprocessing = 0;
		};
		F4F00BD12C3ABDF800DDA1CF /* Sources */ = {
			isa = PBXSourcesBuildPhase;
			buildActionMask = 2147483647;
			files = (
				F4F00BDB2C3ABDF900DDA1CF /* BasicFunctionsTests.swift in Sources */,
			);
			runOnlyForDeploymentPostprocessing = 0;
		};
/* End PBXSourcesBuildPhase section */

/* Begin PBXTargetDependency section */
		F4F00BD82C3ABDF800DDA1CF /* PBXTargetDependency */ = {
			isa = PBXTargetDependency;
			target = F4F00BCA2C3ABDF600DDA1CF /* BasicFunctions */;
			targetProxy = F4F00BD72C3ABDF800DDA1CF /* PBXContainerItemProxy */;
		};
/* End PBXTargetDependency section */

/* Begin XCBuildConfiguration section */
		F4F00BDD2C3ABDF900DDA1CF /* Debug */ = {
			isa = XCBuildConfiguration;
			buildSettings = {
				ALWAYS_SEARCH_USER_PATHS = NO;
				ASSETCATALOG_COMPILER_GENERATE_SWIFT_ASSET_SYMBOL_EXTENSIONS = YES;
				CLANG_ANALYZER_NONNULL = YES;
				CLANG_ANALYZER_NUMBER_OBJECT_CONVERSION = YES_AGGRESSIVE;
				CLANG_CXX_LANGUAGE_STANDARD = "gnu++20";
				CLANG_ENABLE_MODULES = YES;
				CLANG_ENABLE_OBJC_ARC = YES;
				CLANG_ENABLE_OBJC_WEAK = YES;
				CLANG_WARN_BLOCK_CAPTURE_AUTORELEASING = YES;
				CLANG_WARN_BOOL_CONVERSION = YES;
				CLANG_WARN_COMMA = YES;
				CLANG_WARN_CONSTANT_CONVERSION = YES;
				CLANG_WARN_DEPRECATED_OBJC_IMPLEMENTATIONS = YES;
				CLANG_WARN_DIRECT_OBJC_ISA_USAGE = YES_ERROR;
				CLANG_WARN_DOCUMENTATION_COMMENTS = YES;
				CLANG_WARN_EMPTY_BODY = YES;
				CLANG_WARN_ENUM_CONVERSION = YES;
				CLANG_WARN_INFINITE_RECURSION = YES;
				CLANG_WARN_INT_CONVERSION = YES;
				CLANG_WARN_NON_LITERAL_NULL_CONVERSION = YES;
				CLANG_WARN_OBJC_IMPLICIT_RETAIN_SELF = YES;
				CLANG_WARN_OBJC_LITERAL_CONVERSION = YES;
				CLANG_WARN_OBJC_ROOT_CLASS = YES_ERROR;
				CLANG_WARN_QUOTED_INCLUDE_IN_FRAMEWORK_HEADER = YES;
				CLANG_WARN_RANGE_LOOP_ANALYSIS = YES;
				CLANG_WARN_STRICT_PROTOTYPES = YES;
				CLANG_WARN_SUSPICIOUS_MOVE = YES;
				CLANG_WARN_UNGUARDED_AVAILABILITY = YES_AGGRESSIVE;
				CLANG_WARN_UNREACHABLE_CODE = YES;
				CLANG_WARN__DUPLICATE_METHOD_MATCH = YES;
				COPY_PHASE_STRIP = NO;
				CURRENT_PROJECT_VERSION = 1;
				DEBUG_INFORMATION_FORMAT = dwarf;
				ENABLE_STRICT_OBJC_MSGSEND = YES;
				ENABLE_TESTABILITY = YES;
				ENABLE_USER_SCRIPT_SANDBOXING = YES;
				GCC_C_LANGUAGE_STANDARD = gnu17;
				GCC_DYNAMIC_NO_PIC = NO;
				GCC_NO_COMMON_BLOCKS = YES;
				GCC_OPTIMIZATION_LEVEL = 0;
				GCC_PREPROCESSOR_DEFINITIONS = (
					"DEBUG=1",
					"$(inherited)",
				);
				GCC_WARN_64_TO_32_BIT_CONVERSION = YES;
				GCC_WARN_ABOUT_RETURN_TYPE = YES_ERROR;
				GCC_WARN_UNDECLARED_SELECTOR = YES;
				GCC_WARN_UNINITIALIZED_AUTOS = YES_AGGRESSIVE;
				GCC_WARN_UNUSED_FUNCTION = YES;
				GCC_WARN_UNUSED_VARIABLE = YES;
				IPHONEOS_DEPLOYMENT_TARGET = 17.5;
				LOCALIZATION_PREFERS_STRING_CATALOGS = YES;
				MTL_ENABLE_DEBUG_INFO = INCLUDE_SOURCE;
				MTL_FAST_MATH = YES;
				ONLY_ACTIVE_ARCH = YES;
				SDKROOT = iphoneos;
				SWIFT_ACTIVE_COMPILATION_CONDITIONS = "DEBUG $(inherited)";
				SWIFT_OPTIMIZATION_LEVEL = "-Onone";
				VERSIONING_SYSTEM = "apple-generic";
				VERSION_INFO_PREFIX = "";
			};
			name = Debug;
		};
		F4F00BDE2C3ABDF900DDA1CF /* Release */ = {
			isa = XCBuildConfiguration;
			buildSettings = {
				ALWAYS_SEARCH_USER_PATHS = NO;
				ASSETCATALOG_COMPILER_GENERATE_SWIFT_ASSET_SYMBOL_EXTENSIONS = YES;
				CLANG_ANALYZER_NONNULL = YES;
				CLANG_ANALYZER_NUMBER_OBJECT_CONVERSION = YES_AGGRESSIVE;
				CLANG_CXX_LANGUAGE_STANDARD = "gnu++20";
				CLANG_ENABLE_MODULES = YES;
				CLANG_ENABLE_OBJC_ARC = YES;
				CLANG_ENABLE_OBJC_WEAK = YES;
				CLANG_WARN_BLOCK_CAPTURE_AUTORELEASING = YES;
				CLANG_WARN_BOOL_CONVERSION = YES;
				CLANG_WARN_COMMA = YES;
				CLANG_WARN_CONSTANT_CONVERSION = YES;
				CLANG_WARN_DEPRECATED_OBJC_IMPLEMENTATIONS = YES;
				CLANG_WARN_DIRECT_OBJC_ISA_USAGE = YES_ERROR;
				CLANG_WARN_DOCUMENTATION_COMMENTS = YES;
				CLANG_WARN_EMPTY_BODY = YES;
				CLANG_WARN_ENUM_CONVERSION = YES;
				CLANG_WARN_INFINITE_RECURSION = YES;
				CLANG_WARN_INT_CONVERSION = YES;
				CLANG_WARN_NON_LITERAL_NULL_CONVERSION = YES;
				CLANG_WARN_OBJC_IMPLICIT_RETAIN_SELF = YES;
				CLANG_WARN_OBJC_LITERAL_CONVERSION = YES;
				CLANG_WARN_OBJC_ROOT_CLASS = YES_ERROR;
				CLANG_WARN_QUOTED_INCLUDE_IN_FRAMEWORK_HEADER = YES;
				CLANG_WARN_RANGE_LOOP_ANALYSIS = YES;
				CLANG_WARN_STRICT_PROTOTYPES = YES;
				CLANG_WARN_SUSPICIOUS_MOVE = YES;
				CLANG_WARN_UNGUARDED_AVAILABILITY = YES_AGGRESSIVE;
				CLANG_WARN_UNREACHABLE_CODE = YES;
				CLANG_WARN__DUPLICATE_METHOD_MATCH = YES;
				COPY_PHASE_STRIP = NO;
				CURRENT_PROJECT_VERSION = 1;
				DEBUG_INFORMATION_FORMAT = "dwarf-with-dsym";
				ENABLE_NS_ASSERTIONS = NO;
				ENABLE_STRICT_OBJC_MSGSEND = YES;
				ENABLE_USER_SCRIPT_SANDBOXING = YES;
				GCC_C_LANGUAGE_STANDARD = gnu17;
				GCC_NO_COMMON_BLOCKS = YES;
				GCC_WARN_64_TO_32_BIT_CONVERSION = YES;
				GCC_WARN_ABOUT_RETURN_TYPE = YES_ERROR;
				GCC_WARN_UNDECLARED_SELECTOR = YES;
				GCC_WARN_UNINITIALIZED_AUTOS = YES_AGGRESSIVE;
				GCC_WARN_UNUSED_FUNCTION = YES;
				GCC_WARN_UNUSED_VARIABLE = YES;
				IPHONEOS_DEPLOYMENT_TARGET = 17.5;
				LOCALIZATION_PREFERS_STRING_CATALOGS = YES;
				MTL_ENABLE_DEBUG_INFO = NO;
				MTL_FAST_MATH = YES;
				SDKROOT = iphoneos;
				SWIFT_COMPILATION_MODE = wholemodule;
				VALIDATE_PRODUCT = YES;
				VERSIONING_SYSTEM = "apple-generic";
				VERSION_INFO_PREFIX = "";
			};
			name = Release;
		};
		F4F00BE02C3ABDF900DDA1CF /* Debug */ = {
			isa = XCBuildConfiguration;
			buildSettings = {
				BUILD_LIBRARY_FOR_DISTRIBUTION = YES;
				CODE_SIGN_STYLE = Automatic;
				CURRENT_PROJECT_VERSION = 1;
				DEFINES_MODULE = YES;
				DYLIB_COMPATIBILITY_VERSION = 1;
				DYLIB_CURRENT_VERSION = 1;
				DYLIB_INSTALL_NAME_BASE = "@rpath";
				ENABLE_MODULE_VERIFIER = YES;
				GENERATE_INFOPLIST_FILE = YES;
				INFOPLIST_KEY_NSHumanReadableCopyright = "";
				INSTALL_PATH = "$(LOCAL_LIBRARY_DIR)/Frameworks";
				LD_RUNPATH_SEARCH_PATHS = (
					"$(inherited)",
					"@executable_path/Frameworks",
					"@loader_path/Frameworks",
				);
				MARKETING_VERSION = 1.0;
				MODULE_VERIFIER_SUPPORTED_LANGUAGES = "objective-c objective-c++";
				MODULE_VERIFIER_SUPPORTED_LANGUAGE_STANDARDS = "gnu17 gnu++20";
				PRODUCT_BUNDLE_IDENTIFIER = com.anupam.BasicFunctions;
				PRODUCT_NAME = "$(TARGET_NAME:c99extidentifier)";
				SKIP_INSTALL = YES;
				SWIFT_EMIT_LOC_STRINGS = YES;
				SWIFT_INSTALL_OBJC_HEADER = NO;
				SWIFT_VERSION = 5.0;
				TARGETED_DEVICE_FAMILY = "1,2";
			};
			name = Debug;
		};
		F4F00BE12C3ABDF900DDA1CF /* Release */ = {
			isa = XCBuildConfiguration;
			buildSettings = {
				BUILD_LIBRARY_FOR_DISTRIBUTION = YES;
				CODE_SIGN_STYLE = Automatic;
				CURRENT_PROJECT_VERSION = 1;
				DEFINES_MODULE = YES;
				DYLIB_COMPATIBILITY_VERSION = 1;
				DYLIB_CURRENT_VERSION = 1;
				DYLIB_INSTALL_NAME_BASE = "@rpath";
				ENABLE_MODULE_VERIFIER = YES;
				GENERATE_INFOPLIST_FILE = YES;
				INFOPLIST_KEY_NSHumanReadableCopyright = "";
				INSTALL_PATH = "$(LOCAL_LIBRARY_DIR)/Frameworks";
				LD_RUNPATH_SEARCH_PATHS = (
					"$(inherited)",
					"@executable_path/Frameworks",
					"@loader_path/Frameworks",
				);
				MARKETING_VERSION = 1.0;
				MODULE_VERIFIER_SUPPORTED_LANGUAGES = "objective-c objective-c++";
				MODULE_VERIFIER_SUPPORTED_LANGUAGE_STANDARDS = "gnu17 gnu++20";
				PRODUCT_BUNDLE_IDENTIFIER = com.anupam.BasicFunctions;
				PRODUCT_NAME = "$(TARGET_NAME:c99extidentifier)";
				SKIP_INSTALL = YES;
				SWIFT_EMIT_LOC_STRINGS = YES;
				SWIFT_INSTALL_OBJC_HEADER = NO;
				SWIFT_VERSION = 5.0;
				TARGETED_DEVICE_FAMILY = "1,2";
			};
			name = Release;
		};
		F4F00BE32C3ABDF900DDA1CF /* Debug */ = {
			isa = XCBuildConfiguration;
			buildSettings = {
				ALWAYS_EMBED_SWIFT_STANDARD_LIBRARIES = YES;
				CODE_SIGN_STYLE = Automatic;
				CURRENT_PROJECT_VERSION = 1;
				GENERATE_INFOPLIST_FILE = YES;
				MARKETING_VERSION = 1.0;
				PRODUCT_BUNDLE_IDENTIFIER = com.anupam.BasicFunctionsTests;
				PRODUCT_NAME = "$(TARGET_NAME)";
				SWIFT_EMIT_LOC_STRINGS = NO;
				SWIFT_VERSION = 5.0;
				TARGETED_DEVICE_FAMILY = "1,2";
			};
			name = Debug;
		};
		F4F00BE42C3ABDF900DDA1CF /* Release */ = {
			isa = XCBuildConfiguration;
			buildSettings = {
				ALWAYS_EMBED_SWIFT_STANDARD_LIBRARIES = YES;
				CODE_SIGN_STYLE = Automatic;
				CURRENT_PROJECT_VERSION = 1;
				GENERATE_INFOPLIST_FILE = YES;
				MARKETING_VERSION = 1.0;
				PRODUCT_BUNDLE_IDENTIFIER = com.anupam.BasicFunctionsTests;
				PRODUCT_NAME = "$(TARGET_NAME)";
				SWIFT_EMIT_LOC_STRINGS = NO;
				SWIFT_VERSION = 5.0;
				TARGETED_DEVICE_FAMILY = "1,2";
			};
			name = Release;
		};
/* End XCBuildConfiguration section */

/* Begin XCConfigurationList section */
		F4F00BC52C3ABDF600DDA1CF /* Build configuration list for PBXProject "BasicFunctions" */ = {
			isa = XCConfigurationList;
			buildConfigurations = (
				F4F00BDD2C3ABDF900DDA1CF /* Debug */,
				F4F00BDE2C3ABDF900DDA1CF /* Release */,
			);
			defaultConfigurationIsVisible = 0;
			defaultConfigurationName = Release;
		};
		F4F00BDF2C3ABDF900DDA1CF /* Build configuration list for PBXNativeTarget "BasicFunctions" */ = {
			isa = XCConfigurationList;
			buildConfigurations = (
				F4F00BE02C3ABDF900DDA1CF /* Debug */,
				F4F00BE12C3ABDF900DDA1CF /* Release */,
			);
			defaultConfigurationIsVisible = 0;
			defaultConfigurationName = Release;
		};
		F4F00BE22C3ABDF900DDA1CF /* Build configuration list for PBXNativeTarget "BasicFunctionsTests" */ = {
			isa = XCConfigurationList;
			buildConfigurations = (
				F4F00BE32C3ABDF900DDA1CF /* Debug */,
				F4F00BE42C3ABDF900DDA1CF /* Release */,
			);
			defaultConfigurationIsVisible = 0;
			defaultConfigurationName = Release;
		};
/* End XCConfigurationList section */
	};
	rootObject = F4F00BC22C3ABDF600DDA1CF /* Project object */;
}
